// !$*UTF8*$!
{
	archiveVersion = 1;
	classes = {
	};
	objectVersion = 46;
	objects = {

/* Begin PBXBuildFile section */
		04CBAD772D924E5500B93CF3 /* OpenAL.framework in Frameworks */ = {isa = PBXBuildFile; fileRef = 04CBAD762D924E5500B93CF3 /* OpenAL.framework */; };
		04CBAD792D924E5F00B93CF3 /* OpenGLES.framework in Frameworks */ = {isa = PBXBuildFile; fileRef = 04CBAD782D924E5F00B93CF3 /* OpenGLES.framework */; };
		13176CEB2C82CCE7005D0EAE /* CallKit.framework in Frameworks */ = {isa = PBXBuildFile; fileRef = E6A7BC6E2328CA450078A8F7 /* CallKit.framework */; };
		13176CED2C82CCEE005D0EAE /* Intents.framework in Frameworks */ = {isa = PBXBuildFile; fileRef = 13176CEC2C82CCEE005D0EAE /* Intents.framework */; };
		423D24ED29E14A97006D9B75 /* CoreServices.framework in Frameworks */ = {isa = PBXBuildFile; fileRef = 423D24EC29E14A97006D9B75 /* CoreServices.framework */; };
		427B551229F9071C00F6DC42 /* InfoPlist.strings in Resources */ = {isa = PBXBuildFile; fileRef = 427B551429F9071C00F6DC42 /* InfoPlist.strings */; };
		428016162B1849A6003A9CAD /* Photos.framework in Frameworks */ = {isa = PBXBuildFile; fileRef = 428016152B1849A6003A9CAD /* Photos.framework */; };
		42F6DDC42BFDE4BE00A3369F /* MapKit.framework in Frameworks */ = {isa = PBXBuildFile; fileRef = 61E8F90C1AA169B700F51DAF /* MapKit.framework */; };
		61530BE71BABAD3B00FE50CC /* libsqlite3.0.tbd in Frameworks */ = {isa = PBXBuildFile; fileRef = 61530BE61BABAD3B00FE50CC /* libsqlite3.0.tbd */; };
		61530BEB1BABAD8200FE50CC /* libz.tbd in Frameworks */ = {isa = PBXBuildFile; fileRef = 61530BEA1BABAD8200FE50CC /* libz.tbd */; };
		61CF576F1A787DB000B43072 /* MobileCoreServices.framework in Frameworks */ = {isa = PBXBuildFile; fileRef = 61CF576E1A787DB000B43072 /* MobileCoreServices.framework */; };
		61E8F9121AA16E5300F51DAF /* CoreLocation.framework in Frameworks */ = {isa = PBXBuildFile; fileRef = 61E8F9111AA16E5300F51DAF /* CoreLocation.framework */; };
		834DC5A51F1C61B900C9E0B3 /* CoreMotion.framework in Frameworks */ = {isa = PBXBuildFile; fileRef = 834DC5A41F1C61B900C9E0B3 /* CoreMotion.framework */; };
		8368EA681F273B2B00C63840 /* Security.framework in Frameworks */ = {isa = PBXBuildFile; fileRef = 8368EA671F273B2B00C63840 /* Security.framework */; };
		8368EA6A1F273B3300C63840 /* CFNetwork.framework in Frameworks */ = {isa = PBXBuildFile; fileRef = 8368EA691F273B3300C63840 /* CFNetwork.framework */; };
		86B7F5B61AE88C040040A547 /* CoreTelephony.framework in Frameworks */ = {isa = PBXBuildFile; fileRef = 86B7F5B51AE88C040040A547 /* CoreTelephony.framework */; };
		876DA17D245A60E2006A2FA1 /* MessageUI.framework in Frameworks */ = {isa = PBXBuildFile; fileRef = 876DA17C245A60E2006A2FA1 /* MessageUI.framework */; };
		A14A891E2022E7AE00718366 /* QuartzCore.framework in Frameworks */ = {isa = PBXBuildFile; fileRef = A14A891D2022E7AE00718366 /* QuartzCore.framework */; };
		A14A89202022E7F800718366 /* CoreText.framework in Frameworks */ = {isa = PBXBuildFile; fileRef = A14A891F2022E7F800718366 /* CoreText.framework */; };
		A14A89222022E81B00718366 /* UIKit.framework in Frameworks */ = {isa = PBXBuildFile; fileRef = A14A89212022E81B00718366 /* UIKit.framework */; };
		A14A89242022E88C00718366 /* Foundation.framework in Frameworks */ = {isa = PBXBuildFile; fileRef = A14A89232022E88C00718366 /* Foundation.framework */; };
		AE5882EB1A6F47E10070536A /* main.m in Sources */ = {isa = PBXBuildFile; fileRef = AE5882EA1A6F47E10070536A /* main.m */; };
		AE5882EE1A6F47E10070536A /* AppDelegate.m in Sources */ = {isa = PBXBuildFile; fileRef = AE5882ED1A6F47E10070536A /* AppDelegate.m */; };
		AE5882F61A6F47E10070536A /* Images.xcassets in Resources */ = {isa = PBXBuildFile; fileRef = AE5882F51A6F47E10070536A /* Images.xcassets */; };
		AE58995A1A6FA7AC0070536A /* SystemConfiguration.framework in Frameworks */ = {isa = PBXBuildFile; fileRef = AE5899591A6FA7AC0070536A /* SystemConfiguration.framework */; };
		AEA87FE11A81CAD600ACC3BA /* AVFoundation.framework in Frameworks */ = {isa = PBXBuildFile; fileRef = AEA87FE01A81CAD500ACC3BA /* AVFoundation.framework */; };
		B14BC1AF2ED94B6800EB534C /* GoogleService-Info.plist in Resources */ = {isa = PBXBuildFile; fileRef = B14BC1AE2ED94B6800EB534C /* GoogleService-Info.plist */; };
		BC5645272C7C528700461896 /* CallKit.framework in Frameworks */ = {isa = PBXBuildFile; fileRef = E6A7BC6E2328CA450078A8F7 /* CallKit.framework */; };
		BCFFFEBE2C6DE43B004340C4 /* PushKit.framework in Frameworks */ = {isa = PBXBuildFile; fileRef = BCFFFEBD2C6DE43B004340C4 /* PushKit.framework */; };
		BD73C07F1D9905D200F1C436 /* libc++.tbd in Frameworks */ = {isa = PBXBuildFile; fileRef = BD73C07E1D9905D200F1C436 /* libc++.tbd */; };
		E4168E291B6A364800F3D35D /* AudioToolbox.framework in Frameworks */ = {isa = PBXBuildFile; fileRef = E4168E281B6A364800F3D35D /* AudioToolbox.framework */; };
		E4168E2B1B6A364F00F3D35D /* CoreMedia.framework in Frameworks */ = {isa = PBXBuildFile; fileRef = E4168E2A1B6A364F00F3D35D /* CoreMedia.framework */; };
		F6AB19A47D0378A24A403053 /* Pods_Riverla.framework in Frameworks */ = {isa = PBXBuildFile; fileRef = B007DA8853C08BA6803E4519 /* Pods_Riverla.framework */; };
/* End PBXBuildFile section */

/* Begin PBXCopyFilesBuildPhase section */
		A1A959F920D2837800754E64 /* Embed App Extensions */ = {
			isa = PBXCopyFilesBuildPhase;
			buildActionMask = 2147483647;
			dstPath = "";
			dstSubfolderSpec = 13;
			files = (
			);
			name = "Embed App Extensions";
			runOnlyForDeploymentPostprocessing = 0;
		};
/* End PBXCopyFilesBuildPhase section */

/* Begin PBXFileReference section */
		04CBAD762D924E5500B93CF3 /* OpenAL.framework */ = {isa = PBXFileReference; lastKnownFileType = wrapper.framework; name = OpenAL.framework; path = System/Library/Frameworks/OpenAL.framework; sourceTree = SDKROOT; };
		04CBAD782D924E5F00B93CF3 /* OpenGLES.framework */ = {isa = PBXFileReference; lastKnownFileType = wrapper.framework; name = OpenGLES.framework; path = System/Library/Frameworks/OpenGLES.framework; sourceTree = SDKROOT; };
		056F72DFED1EEA86F4007465 /* Pods-NIM.debug.xcconfig */ = {isa = PBXFileReference; includeInIndex = 1; lastKnownFileType = text.xcconfig; name = "Pods-NIM.debug.xcconfig"; path = "Pods/Target Support Files/Pods-NIM/Pods-NIM.debug.xcconfig"; sourceTree = "<group>"; };
		13176CEC2C82CCEE005D0EAE /* Intents.framework */ = {isa = PBXFileReference; lastKnownFileType = wrapper.framework; name = Intents.framework; path = System/Library/Frameworks/Intents.framework; sourceTree = SDKROOT; };
		1A3A9C51DE7BF4CA55D91615 /* Pods-Riverla.release.xcconfig */ = {isa = PBXFileReference; includeInIndex = 1; lastKnownFileType = text.xcconfig; name = "Pods-Riverla.release.xcconfig"; path = "Pods/Target Support Files/Pods-Riverla/Pods-Riverla.release.xcconfig"; sourceTree = "<group>"; };
		423D24EC29E14A97006D9B75 /* CoreServices.framework */ = {isa = PBXFileReference; lastKnownFileType = wrapper.framework; name = CoreServices.framework; path = System/Library/Frameworks/CoreServices.framework; sourceTree = SDKROOT; };
		427B551A29F9076000F6DC42 /* en */ = {isa = PBXFileReference; lastKnownFileType = text.plist.strings; name = en; path = en.lproj/InfoPlist.strings; sourceTree = "<group>"; };
		428016152B1849A6003A9CAD /* Photos.framework */ = {isa = PBXFileReference; lastKnownFileType = wrapper.framework; name = Photos.framework; path = System/Library/Frameworks/Photos.framework; sourceTree = SDKROOT; };
		4290D5072BF9BF5900EB3808 /* en */ = {isa = PBXFileReference; lastKnownFileType = text.plist.xml; name = en; path = en.lproj/Info.plist; sourceTree = "<group>"; };
		61530BE61BABAD3B00FE50CC /* libsqlite3.0.tbd */ = {isa = PBXFileReference; lastKnownFileType = "sourcecode.text-based-dylib-definition"; name = libsqlite3.0.tbd; path = usr/lib/libsqlite3.0.tbd; sourceTree = SDKROOT; };
		61530BEA1BABAD8200FE50CC /* libz.tbd */ = {isa = PBXFileReference; lastKnownFileType = "sourcecode.text-based-dylib-definition"; name = libz.tbd; path = usr/lib/libz.tbd; sourceTree = SDKROOT; };
		61CF576E1A787DB000B43072 /* MobileCoreServices.framework */ = {isa = PBXFileReference; lastKnownFileType = wrapper.framework; name = MobileCoreServices.framework; path = System/Library/Frameworks/MobileCoreServices.framework; sourceTree = SDKROOT; };
		61E8F90C1AA169B700F51DAF /* MapKit.framework */ = {isa = PBXFileReference; lastKnownFileType = wrapper.framework; name = MapKit.framework; path = System/Library/Frameworks/MapKit.framework; sourceTree = SDKROOT; };
		61E8F9111AA16E5300F51DAF /* CoreLocation.framework */ = {isa = PBXFileReference; lastKnownFileType = wrapper.framework; name = CoreLocation.framework; path = System/Library/Frameworks/CoreLocation.framework; sourceTree = SDKROOT; };
		66B497319A90F4C8EF05C0DE /* Pods-NIM.release.xcconfig */ = {isa = PBXFileReference; includeInIndex = 1; lastKnownFileType = text.xcconfig; name = "Pods-NIM.release.xcconfig"; path = "Pods/Target Support Files/Pods-NIM/Pods-NIM.release.xcconfig"; sourceTree = "<group>"; };
		834DC5A41F1C61B900C9E0B3 /* CoreMotion.framework */ = {isa = PBXFileReference; lastKnownFileType = wrapper.framework; name = CoreMotion.framework; path = System/Library/Frameworks/CoreMotion.framework; sourceTree = SDKROOT; };
		8368EA671F273B2B00C63840 /* Security.framework */ = {isa = PBXFileReference; lastKnownFileType = wrapper.framework; name = Security.framework; path = System/Library/Frameworks/Security.framework; sourceTree = SDKROOT; };
		8368EA691F273B3300C63840 /* CFNetwork.framework */ = {isa = PBXFileReference; lastKnownFileType = wrapper.framework; name = CFNetwork.framework; path = System/Library/Frameworks/CFNetwork.framework; sourceTree = SDKROOT; };
		8368EA6B1F27448300C63840 /* libz.1.2.5.tbd */ = {isa = PBXFileReference; lastKnownFileType = "sourcecode.text-based-dylib-definition"; name = libz.1.2.5.tbd; path = usr/lib/libz.1.2.5.tbd; sourceTree = SDKROOT; };
		86B7F5B51AE88C040040A547 /* CoreTelephony.framework */ = {isa = PBXFileReference; lastKnownFileType = wrapper.framework; name = CoreTelephony.framework; path = System/Library/Frameworks/CoreTelephony.framework; sourceTree = SDKROOT; };
		876DA17A245A60DA006A2FA1 /* SafariServices.framework */ = {isa = PBXFileReference; lastKnownFileType = wrapper.framework; name = SafariServices.framework; path = System/Library/Frameworks/SafariServices.framework; sourceTree = SDKROOT; };
		876DA17C245A60E2006A2FA1 /* MessageUI.framework */ = {isa = PBXFileReference; lastKnownFileType = wrapper.framework; name = MessageUI.framework; path = System/Library/Frameworks/MessageUI.framework; sourceTree = SDKROOT; };
		A14A891D2022E7AE00718366 /* QuartzCore.framework */ = {isa = PBXFileReference; lastKnownFileType = wrapper.framework; name = QuartzCore.framework; path = System/Library/Frameworks/QuartzCore.framework; sourceTree = SDKROOT; };
		A14A891F2022E7F800718366 /* CoreText.framework */ = {isa = PBXFileReference; lastKnownFileType = wrapper.framework; name = CoreText.framework; path = System/Library/Frameworks/CoreText.framework; sourceTree = SDKROOT; };
		A14A89212022E81B00718366 /* UIKit.framework */ = {isa = PBXFileReference; lastKnownFileType = wrapper.framework; name = UIKit.framework; path = System/Library/Frameworks/UIKit.framework; sourceTree = SDKROOT; };
		A14A89232022E88C00718366 /* Foundation.framework */ = {isa = PBXFileReference; lastKnownFileType = wrapper.framework; name = Foundation.framework; path = System/Library/Frameworks/Foundation.framework; sourceTree = SDKROOT; };
		A1A959FF20D2850900754E64 /* UserNotifications.framework */ = {isa = PBXFileReference; lastKnownFileType = wrapper.framework; name = UserNotifications.framework; path = System/Library/Frameworks/UserNotifications.framework; sourceTree = SDKROOT; };
		A1A95A0120D2850900754E64 /* UserNotificationsUI.framework */ = {isa = PBXFileReference; lastKnownFileType = wrapper.framework; name = UserNotificationsUI.framework; path = System/Library/Frameworks/UserNotificationsUI.framework; sourceTree = SDKROOT; };
		AE5882E51A6F47E10070536A /* Riverla.app */ = {isa = PBXFileReference; explicitFileType = wrapper.application; includeInIndex = 0; path = Riverla.app; sourceTree = BUILT_PRODUCTS_DIR; };
		AE5882EA1A6F47E10070536A /* main.m */ = {isa = PBXFileReference; lastKnownFileType = sourcecode.c.objc; path = main.m; sourceTree = "<group>"; };
		AE5882EC1A6F47E10070536A /* AppDelegate.h */ = {isa = PBXFileReference; lastKnownFileType = sourcecode.c.h; path = AppDelegate.h; sourceTree = "<group>"; };
		AE5882ED1A6F47E10070536A /* AppDelegate.m */ = {isa = PBXFileReference; lastKnownFileType = sourcecode.c.objc; path = AppDelegate.m; sourceTree = "<group>"; };
		AE5882F51A6F47E10070536A /* Images.xcassets */ = {isa = PBXFileReference; lastKnownFileType = folder.assetcatalog; path = Images.xcassets; sourceTree = "<group>"; };
		AE5899591A6FA7AC0070536A /* SystemConfiguration.framework */ = {isa = PBXFileReference; lastKnownFileType = wrapper.framework; name = SystemConfiguration.framework; path = System/Library/Frameworks/SystemConfiguration.framework; sourceTree = SDKROOT; };
		AEA87FE01A81CAD500ACC3BA /* AVFoundation.framework */ = {isa = PBXFileReference; lastKnownFileType = wrapper.framework; name = AVFoundation.framework; path = System/Library/Frameworks/AVFoundation.framework; sourceTree = SDKROOT; };
		B007DA8853C08BA6803E4519 /* Pods_Riverla.framework */ = {isa = PBXFileReference; explicitFileType = wrapper.framework; includeInIndex = 0; path = Pods_Riverla.framework; sourceTree = BUILT_PRODUCTS_DIR; };
		B11C232B2DFFCFFF00E72364 /* Riverla.entitlements */ = {isa = PBXFileReference; lastKnownFileType = text.plist.entitlements; path = Riverla.entitlements; sourceTree = "<group>"; };
		B14BC1AE2ED94B6800EB534C /* GoogleService-Info.plist */ = {isa = PBXFileReference; lastKnownFileType = text.plist.xml; path = "GoogleService-Info.plist"; sourceTree = "<group>"; };
		BCC86D942D5D8CBE00FCE12B /* zh-Hant */ = {isa = PBXFileReference; lastKnownFileType = text.plist.strings; name = "zh-Hant"; path = "zh-Hant.lproj/InfoPlist.strings"; sourceTree = "<group>"; };
		BCC86D952D5D8CE800FCE12B /* zh-Hans */ = {isa = PBXFileReference; lastKnownFileType = text.plist.strings; name = "zh-Hans"; path = "zh-Hans.lproj/InfoPlist.strings"; sourceTree = "<group>"; };
		BCC86D962D5D8D2100FCE12B /* ja */ = {isa = PBXFileReference; lastKnownFileType = text.plist.strings; name = ja; path = ja.lproj/InfoPlist.strings; sourceTree = "<group>"; };
		BCC86D972D5D8D4500FCE12B /* ko */ = {isa = PBXFileReference; lastKnownFileType = text.plist.strings; name = ko; path = ko.lproj/InfoPlist.strings; sourceTree = "<group>"; };
		BCC86D982D5D8D6D00FCE12B /* hi */ = {isa = PBXFileReference; lastKnownFileType = text.plist.strings; name = hi; path = hi.lproj/InfoPlist.strings; sourceTree = "<group>"; };
		BCC86D992D5D8D9100FCE12B /* vi */ = {isa = PBXFileReference; lastKnownFileType = text.plist.strings; name = vi; path = vi.lproj/InfoPlist.strings; sourceTree = "<group>"; };
		BCC86D9A2D5D8DC200FCE12B /* th */ = {isa = PBXFileReference; lastKnownFileType = text.plist.strings; name = th; path = th.lproj/InfoPlist.strings; sourceTree = "<group>"; };
		BCFFFEBD2C6DE43B004340C4 /* PushKit.framework */ = {isa = PBXFileReference; lastKnownFileType = wrapper.framework; name = PushKit.framework; path = System/Library/Frameworks/PushKit.framework; sourceTree = SDKROOT; };
		BD73C07E1D9905D200F1C436 /* libc++.tbd */ = {isa = PBXFileReference; lastKnownFileType = "sourcecode.text-based-dylib-definition"; name = "libc++.tbd"; path = "usr/lib/libc++.tbd"; sourceTree = SDKROOT; };
		BDA64F191CA38A3800BCF04D /* VideoToolbox.framework */ = {isa = PBXFileReference; lastKnownFileType = wrapper.framework; name = VideoToolbox.framework; path = System/Library/Frameworks/VideoToolbox.framework; sourceTree = SDKROOT; };
		DCC3190C6272C38C647C8E1C /* Pods-Riverla.debug.xcconfig */ = {isa = PBXFileReference; includeInIndex = 1; lastKnownFileType = text.xcconfig; name = "Pods-Riverla.debug.xcconfig"; path = "Pods/Target Support Files/Pods-Riverla/Pods-Riverla.debug.xcconfig"; sourceTree = "<group>"; };
		E4168E281B6A364800F3D35D /* AudioToolbox.framework */ = {isa = PBXFileReference; lastKnownFileType = wrapper.framework; name = AudioToolbox.framework; path = System/Library/Frameworks/AudioToolbox.framework; sourceTree = SDKROOT; };
		E4168E2A1B6A364F00F3D35D /* CoreMedia.framework */ = {isa = PBXFileReference; lastKnownFileType = wrapper.framework; name = CoreMedia.framework; path = System/Library/Frameworks/CoreMedia.framework; sourceTree = SDKROOT; };
		E6A7BC6E2328CA450078A8F7 /* CallKit.framework */ = {isa = PBXFileReference; lastKnownFileType = wrapper.framework; name = CallKit.framework; path = System/Library/Frameworks/CallKit.framework; sourceTree = SDKROOT; };
/* End PBXFileReference section */

/* Begin PBXFrameworksBuildPhase section */
		AE5882E21A6F47E10070536A /* Frameworks */ = {
			isa = PBXFrameworksBuildPhase;
			buildActionMask = 2147483647;
			files = (
				876DA17D245A60E2006A2FA1 /* MessageUI.framework in Frameworks */,
				A14A89242022E88C00718366 /* Foundation.framework in Frameworks */,
				A14A89222022E81B00718366 /* UIKit.framework in Frameworks */,
				A14A89202022E7F800718366 /* CoreText.framework in Frameworks */,
				13176CEB2C82CCE7005D0EAE /* CallKit.framework in Frameworks */,
				42F6DDC42BFDE4BE00A3369F /* MapKit.framework in Frameworks */,
				04CBAD772D924E5500B93CF3 /* OpenAL.framework in Frameworks */,
				04CBAD792D924E5F00B93CF3 /* OpenGLES.framework in Frameworks */,
				A14A891E2022E7AE00718366 /* QuartzCore.framework in Frameworks */,
				BCFFFEBE2C6DE43B004340C4 /* PushKit.framework in Frameworks */,
				8368EA6A1F273B3300C63840 /* CFNetwork.framework in Frameworks */,
				8368EA681F273B2B00C63840 /* Security.framework in Frameworks */,
				834DC5A51F1C61B900C9E0B3 /* CoreMotion.framework in Frameworks */,
				BD73C07F1D9905D200F1C436 /* libc++.tbd in Frameworks */,
				61530BEB1BABAD8200FE50CC /* libz.tbd in Frameworks */,
				423D24ED29E14A97006D9B75 /* CoreServices.framework in Frameworks */,
				61530BE71BABAD3B00FE50CC /* libsqlite3.0.tbd in Frameworks */,
				E4168E2B1B6A364F00F3D35D /* CoreMedia.framework in Frameworks */,
				E4168E291B6A364800F3D35D /* AudioToolbox.framework in Frameworks */,
				86B7F5B61AE88C040040A547 /* CoreTelephony.framework in Frameworks */,
				BC5645272C7C528700461896 /* CallKit.framework in Frameworks */,
				428016162B1849A6003A9CAD /* Photos.framework in Frameworks */,
				61E8F9121AA16E5300F51DAF /* CoreLocation.framework in Frameworks */,
				AEA87FE11A81CAD600ACC3BA /* AVFoundation.framework in Frameworks */,
				61CF576F1A787DB000B43072 /* MobileCoreServices.framework in Frameworks */,
				AE58995A1A6FA7AC0070536A /* SystemConfiguration.framework in Frameworks */,
				13176CED2C82CCEE005D0EAE /* Intents.framework in Frameworks */,
				F6AB19A47D0378A24A403053 /* Pods_Riverla.framework in Frameworks */,
			);
			runOnlyForDeploymentPostprocessing = 0;
		};
/* End PBXFrameworksBuildPhase section */

/* Begin PBXGroup section */
		3134E0020A559A7F56597C29 /* Pods */ = {
			isa = PBXGroup;
			children = (
				056F72DFED1EEA86F4007465 /* Pods-NIM.debug.xcconfig */,
				66B497319A90F4C8EF05C0DE /* Pods-NIM.release.xcconfig */,
				DCC3190C6272C38C647C8E1C /* Pods-Riverla.debug.xcconfig */,
				1A3A9C51DE7BF4CA55D91615 /* Pods-Riverla.release.xcconfig */,
			);
			name = Pods;
			sourceTree = "<group>";
		};
		42D634732BAFFEC40081E828 /* Business */ = {
			isa = PBXGroup;
			children = (
				B11C232B2DFFCFFF00E72364 /* Riverla.entitlements */,
				AE5882EC1A6F47E10070536A /* AppDelegate.h */,
				AE5882ED1A6F47E10070536A /* AppDelegate.m */,
				B14BC1AE2ED94B6800EB534C /* GoogleService-Info.plist */,
				AE5882F51A6F47E10070536A /* Images.xcassets */,
				AE5882E81A6F47E10070536A /* Supporting Files */,
			);
			path = Business;
			sourceTree = "<group>";
		};
		5176189D0086B38FE643A26A /* Frameworks */ = {
			isa = PBXGroup;
			children = (
				04CBAD782D924E5F00B93CF3 /* OpenGLES.framework */,
				04CBAD762D924E5500B93CF3 /* OpenAL.framework */,
				13176CEC2C82CCEE005D0EAE /* Intents.framework */,
				BCFFFEBD2C6DE43B004340C4 /* PushKit.framework */,
				428016152B1849A6003A9CAD /* Photos.framework */,
				423D24EC29E14A97006D9B75 /* CoreServices.framework */,
				876DA17C245A60E2006A2FA1 /* MessageUI.framework */,
				876DA17A245A60DA006A2FA1 /* SafariServices.framework */,
				E6A7BC6E2328CA450078A8F7 /* CallKit.framework */,
				A14A89232022E88C00718366 /* Foundation.framework */,
				A14A89212022E81B00718366 /* UIKit.framework */,
				A14A891F2022E7F800718366 /* CoreText.framework */,
				A14A891D2022E7AE00718366 /* QuartzCore.framework */,
				8368EA6B1F27448300C63840 /* libz.1.2.5.tbd */,
				8368EA691F273B3300C63840 /* CFNetwork.framework */,
				8368EA671F273B2B00C63840 /* Security.framework */,
				834DC5A41F1C61B900C9E0B3 /* CoreMotion.framework */,
				BD73C07E1D9905D200F1C436 /* libc++.tbd */,
				BDA64F191CA38A3800BCF04D /* VideoToolbox.framework */,
				61530BEA1BABAD8200FE50CC /* libz.tbd */,
				61530BE61BABAD3B00FE50CC /* libsqlite3.0.tbd */,
				E4168E2A1B6A364F00F3D35D /* CoreMedia.framework */,
				E4168E281B6A364800F3D35D /* AudioToolbox.framework */,
				86B7F5B51AE88C040040A547 /* CoreTelephony.framework */,
				A1A959FF20D2850900754E64 /* UserNotifications.framework */,
				A1A95A0120D2850900754E64 /* UserNotificationsUI.framework */,
				B007DA8853C08BA6803E4519 /* Pods_Riverla.framework */,
			);
			name = Frameworks;
			sourceTree = "<group>";
		};
		AE5882DC1A6F47E10070536A = {
			isa = PBXGroup;
			children = (
				42D634732BAFFEC40081E828 /* Business */,
				AE5882E61A6F47E10070536A /* Products */,
				5176189D0086B38FE643A26A /* Frameworks */,
				3134E0020A559A7F56597C29 /* Pods */,
			);
			sourceTree = "<group>";
		};
		AE5882E61A6F47E10070536A /* Products */ = {
			isa = PBXGroup;
			children = (
				AE5882E51A6F47E10070536A /* Riverla.app */,
			);
			name = Products;
			sourceTree = "<group>";
		};
		AE5882E81A6F47E10070536A /* Supporting Files */ = {
			isa = PBXGroup;
			children = (
				87F9399923F2A53300760C24 /* Info.plist */,
				427B551429F9071C00F6DC42 /* InfoPlist.strings */,
				61E8F9111AA16E5300F51DAF /* CoreLocation.framework */,
				61E8F90C1AA169B700F51DAF /* MapKit.framework */,
				61CF576E1A787DB000B43072 /* MobileCoreServices.framework */,
				AEA87FE01A81CAD500ACC3BA /* AVFoundation.framework */,
				AE5899591A6FA7AC0070536A /* SystemConfiguration.framework */,
				AE5882EA1A6F47E10070536A /* main.m */,
			);
			path = "Supporting Files";
			sourceTree = "<group>";
		};
/* End PBXGroup section */

/* Begin PBXNativeTarget section */
		AE5882E41A6F47E10070536A /* Riverla */ = {
			isa = PBXNativeTarget;
			buildConfigurationList = AE5883081A6F47E10070536A /* Build configuration list for PBXNativeTarget "Riverla" */;
			buildPhases = (
				BB0FF6D323B6C7B68134CBAC /* [CP] Check Pods Manifest.lock */,
				AE5882E11A6F47E10070536A /* Sources */,
				AE5882E21A6F47E10070536A /* Frameworks */,
				AE5882E31A6F47E10070536A /* Resources */,
				A1A959F920D2837800754E64 /* Embed App Extensions */,
				39BCE4F464499F723A65CDC5 /* [CP] Embed Pods Frameworks */,
				89C78E392E9AD6A6F51B9E87 /* [CP] Copy Pods Resources */,
			);
			buildRules = (
			);
			dependencies = (
			);
			name = Riverla;
			productName = NIMDemo;
			productReference = AE5882E51A6F47E10070536A /* Riverla.app */;
			productType = "com.apple.product-type.application";
		};
/* End PBXNativeTarget section */

/* Begin PBXProject section */
		AE5882DD1A6F47E10070536A /* Project object */ = {
			isa = PBXProject;
			attributes = {
				CLASSPREFIX = Riverla;
				LastUpgradeCheck = 0900;
				ORGANIZATIONNAME = Riverla;
				TargetAttributes = {
					AE5882E41A6F47E10070536A = {
						CreatedOnToolsVersion = 6.1;
						DevelopmentTeam = 6VFR63B9QM;
						ProvisioningStyle = Manual;
						SystemCapabilities = {
							com.apple.BackgroundModes = {
								enabled = 1;
							};
							com.apple.DataProtection = {
								enabled = 0;
							};
							com.apple.Push = {
								enabled = 1;
							};
							com.apple.WAC = {
								enabled = 0;
							};
						};
					};
				};
			};
			buildConfigurationList = AE5882E01A6F47E10070536A /* Build configuration list for PBXProject "Riverla" */;
			compatibilityVersion = "Xcode 3.2";
			developmentRegion = en;
			hasScannedForEncodings = 0;
			knownRegions = (
				en,
				"zh-Hant",
				"zh-Hans",
				ja,
				ko,
				hi,
				vi,
				th,
			);
			mainGroup = AE5882DC1A6F47E10070536A;
			productRefGroup = AE5882E61A6F47E10070536A /* Products */;
			projectDirPath = "";
			projectRoot = "";
			targets = (
				AE5882E41A6F47E10070536A /* Riverla */,
			);
		};
/* End PBXProject section */

/* Begin PBXResourcesBuildPhase section */
		AE5882E31A6F47E10070536A /* Resources */ = {
			isa = PBXResourcesBuildPhase;
			buildActionMask = 2147483647;
			files = (
				427B551229F9071C00F6DC42 /* InfoPlist.strings in Resources */,
				AE5882F61A6F47E10070536A /* Images.xcassets in Resources */,
				B14BC1AF2ED94B6800EB534C /* GoogleService-Info.plist in Resources */,
			);
			runOnlyForDeploymentPostprocessing = 0;
		};
/* End PBXResourcesBuildPhase section */

/* Begin PBXShellScriptBuildPhase section */
		39BCE4F464499F723A65CDC5 /* [CP] Embed Pods Frameworks */ = {
			isa = PBXShellScriptBuildPhase;
			buildActionMask = 2147483647;
			files = (
			);
			inputPaths = (
				"${PODS_ROOT}/Target Support Files/Pods-Riverla/Pods-Riverla-frameworks.sh",
				"${BUILT_PRODUCTS_DIR}/FLAnimatedImage/FLAnimatedImage.framework",
				"${BUILT_PRODUCTS_DIR}/FMDB/FMDB.framework",
				"${BUILT_PRODUCTS_DIR}/FirebaseABTesting/FirebaseABTesting.framework",
				"${BUILT_PRODUCTS_DIR}/FirebaseCore/FirebaseCore.framework",
				"${BUILT_PRODUCTS_DIR}/FirebaseCoreInternal/FirebaseCoreInternal.framework",
				"${BUILT_PRODUCTS_DIR}/FirebaseInstallations/FirebaseInstallations.framework",
				"${BUILT_PRODUCTS_DIR}/FirebaseRemoteConfig/FirebaseRemoteConfig.framework",
				"${BUILT_PRODUCTS_DIR}/FirebaseRemoteConfigInterop/FirebaseRemoteConfigInterop.framework",
				"${BUILT_PRODUCTS_DIR}/FirebaseSharedSwift/FirebaseSharedSwift.framework",
				"${BUILT_PRODUCTS_DIR}/GoogleUtilities/GoogleUtilities.framework",
				"${BUILT_PRODUCTS_DIR}/Kingfisher/Kingfisher.framework",
				"${BUILT_PRODUCTS_DIR}/LEEAlert/LEEAlert.framework",
				"${BUILT_PRODUCTS_DIR}/MJRefresh/MJRefresh.framework",
				"${BUILT_PRODUCTS_DIR}/Masonry/Masonry.framework",
				"${BUILT_PRODUCTS_DIR}/PromisesObjC/FBLPromises.framework",
				"${BUILT_PRODUCTS_DIR}/Reachability/Reachability.framework",
				"${BUILT_PRODUCTS_DIR}/SDWebImage/SDWebImage.framework",
				"${BUILT_PRODUCTS_DIR}/SDWebImageFLPlugin/SDWebImageFLPlugin.framework",
				"${BUILT_PRODUCTS_DIR}/SSZipArchive/SSZipArchive.framework",
				"${BUILT_PRODUCTS_DIR}/SnapKit/SnapKit.framework",
				"${BUILT_PRODUCTS_DIR}/SwiftyJSON/SwiftyJSON.framework",
				"${BUILT_PRODUCTS_DIR}/TZImagePickerController/TZImagePickerController.framework",
				"${BUILT_PRODUCTS_DIR}/Then/Then.framework",
				"${BUILT_PRODUCTS_DIR}/YYImage/YYImage.framework",
				"${BUILT_PRODUCTS_DIR}/YYModel/YYModel.framework",
				"${BUILT_PRODUCTS_DIR}/YYText/YYText.framework",
				"${BUILT_PRODUCTS_DIR}/nanopb/nanopb.framework",
				"${BUILT_PRODUCTS_DIR}/pop/pop.framework",
				"${PODS_XCFRAMEWORKS_BUILD_DIR}/CautiousSpoof/NIMQuic.framework/NIMQuic",
				"${PODS_XCFRAMEWORKS_BUILD_DIR}/CautiousSpoof/NIMSocketRocket.framework/NIMSocketRocket",
				"${PODS_XCFRAMEWORKS_BUILD_DIR}/CautiousSpoof/NIMSDK.framework/NIMSDK",
				"${PODS_XCFRAMEWORKS_BUILD_DIR}/CautiousSpoof/NIMNOS.framework/NIMNOS",
			);
			name = "[CP] Embed Pods Frameworks";
			outputPaths = (
				"${TARGET_BUILD_DIR}/${FRAMEWORKS_FOLDER_PATH}/FLAnimatedImage.framework",
				"${TARGET_BUILD_DIR}/${FRAMEWORKS_FOLDER_PATH}/FMDB.framework",
				"${TARGET_BUILD_DIR}/${FRAMEWORKS_FOLDER_PATH}/FirebaseABTesting.framework",
				"${TARGET_BUILD_DIR}/${FRAMEWORKS_FOLDER_PATH}/FirebaseCore.framework",
				"${TARGET_BUILD_DIR}/${FRAMEWORKS_FOLDER_PATH}/FirebaseCoreInternal.framework",
				"${TARGET_BUILD_DIR}/${FRAMEWORKS_FOLDER_PATH}/FirebaseInstallations.framework",
				"${TARGET_BUILD_DIR}/${FRAMEWORKS_FOLDER_PATH}/FirebaseRemoteConfig.framework",
				"${TARGET_BUILD_DIR}/${FRAMEWORKS_FOLDER_PATH}/FirebaseRemoteConfigInterop.framework",
				"${TARGET_BUILD_DIR}/${FRAMEWORKS_FOLDER_PATH}/FirebaseSharedSwift.framework",
				"${TARGET_BUILD_DIR}/${FRAMEWORKS_FOLDER_PATH}/GoogleUtilities.framework",
				"${TARGET_BUILD_DIR}/${FRAMEWORKS_FOLDER_PATH}/Kingfisher.framework",
				"${TARGET_BUILD_DIR}/${FRAMEWORKS_FOLDER_PATH}/LEEAlert.framework",
				"${TARGET_BUILD_DIR}/${FRAMEWORKS_FOLDER_PATH}/MJRefresh.framework",
				"${TARGET_BUILD_DIR}/${FRAMEWORKS_FOLDER_PATH}/Masonry.framework",
				"${TARGET_BUILD_DIR}/${FRAMEWORKS_FOLDER_PATH}/FBLPromises.framework",
				"${TARGET_BUILD_DIR}/${FRAMEWORKS_FOLDER_PATH}/Reachability.framework",
				"${TARGET_BUILD_DIR}/${FRAMEWORKS_FOLDER_PATH}/SDWebImage.framework",
				"${TARGET_BUILD_DIR}/${FRAMEWORKS_FOLDER_PATH}/SDWebImageFLPlugin.framework",
				"${TARGET_BUILD_DIR}/${FRAMEWORKS_FOLDER_PATH}/SSZipArchive.framework",
				"${TARGET_BUILD_DIR}/${FRAMEWORKS_FOLDER_PATH}/SnapKit.framework",
				"${TARGET_BUILD_DIR}/${FRAMEWORKS_FOLDER_PATH}/SwiftyJSON.framework",
				"${TARGET_BUILD_DIR}/${FRAMEWORKS_FOLDER_PATH}/TZImagePickerController.framework",
				"${TARGET_BUILD_DIR}/${FRAMEWORKS_FOLDER_PATH}/Then.framework",
				"${TARGET_BUILD_DIR}/${FRAMEWORKS_FOLDER_PATH}/YYImage.framework",
				"${TARGET_BUILD_DIR}/${FRAMEWORKS_FOLDER_PATH}/YYModel.framework",
				"${TARGET_BUILD_DIR}/${FRAMEWORKS_FOLDER_PATH}/YYText.framework",
				"${TARGET_BUILD_DIR}/${FRAMEWORKS_FOLDER_PATH}/nanopb.framework",
				"${TARGET_BUILD_DIR}/${FRAMEWORKS_FOLDER_PATH}/pop.framework",
				"${TARGET_BUILD_DIR}/${FRAMEWORKS_FOLDER_PATH}/NIMQuic.framework",
				"${TARGET_BUILD_DIR}/${FRAMEWORKS_FOLDER_PATH}/NIMSocketRocket.framework",
				"${TARGET_BUILD_DIR}/${FRAMEWORKS_FOLDER_PATH}/NIMSDK.framework",
				"${TARGET_BUILD_DIR}/${FRAMEWORKS_FOLDER_PATH}/NIMNOS.framework",
			);
			runOnlyForDeploymentPostprocessing = 0;
			shellPath = /bin/sh;
			shellScript = "\"${PODS_ROOT}/Target Support Files/Pods-Riverla/Pods-Riverla-frameworks.sh\"\n";
			showEnvVarsInLog = 0;
		};
		89C78E392E9AD6A6F51B9E87 /* [CP] Copy Pods Resources */ = {
			isa = PBXShellScriptBuildPhase;
			buildActionMask = 2147483647;
			files = (
			);
			inputPaths = (
				"${PODS_ROOT}/Target Support Files/Pods-Riverla/Pods-Riverla-resources.sh",
				"${PODS_ROOT}/../CautiousSpoof/CautiousSpoof/Resources/CautiousSpoof.bundle",
				"${PODS_ROOT}/../CautiousSpoof/CautiousSpoof/Resources/NIMSDK.xcframework/ios-arm64/NIMSDK.framework/NEZQFPSupport.bundle",
				"${PODS_ROOT}/../CautiousSpoof/CautiousSpoof/Resources/NIMSDK.xcframework/ios-arm64_x86_64-simulator/NIMSDK.framework/NEZQFPSupport.bundle",
			);
			name = "[CP] Copy Pods Resources";
			outputPaths = (
				"${TARGET_BUILD_DIR}/${UNLOCALIZED_RESOURCES_FOLDER_PATH}/CautiousSpoof.bundle",
				"${TARGET_BUILD_DIR}/${UNLOCALIZED_RESOURCES_FOLDER_PATH}/NEZQFPSupport.bundle",
			);
			runOnlyForDeploymentPostprocessing = 0;
			shellPath = /bin/sh;
			shellScript = "\"${PODS_ROOT}/Target Support Files/Pods-Riverla/Pods-Riverla-resources.sh\"\n";
			showEnvVarsInLog = 0;
		};
		BB0FF6D323B6C7B68134CBAC /* [CP] Check Pods Manifest.lock */ = {
			isa = PBXShellScriptBuildPhase;
			buildActionMask = 2147483647;
			files = (
			);
			inputPaths = (
				"${PODS_PODFILE_DIR_PATH}/Podfile.lock",
				"${PODS_ROOT}/Manifest.lock",
			);
			name = "[CP] Check Pods Manifest.lock";
			outputPaths = (
				"$(DERIVED_FILE_DIR)/Pods-Riverla-checkManifestLockResult.txt",
			);
			runOnlyForDeploymentPostprocessing = 0;
			shellPath = /bin/sh;
			shellScript = "diff \"${PODS_PODFILE_DIR_PATH}/Podfile.lock\" \"${PODS_ROOT}/Manifest.lock\" > /dev/null\nif [ $? != 0 ] ; then\n    # print error to STDERR\n    echo \"error: The sandbox is not in sync with the Podfile.lock. Run 'pod install' or update your CocoaPods installation.\" >&2\n    exit 1\nfi\n# This output is used by Xcode 'outputs' to avoid re-running this script phase.\necho \"SUCCESS\" > \"${SCRIPT_OUTPUT_FILE_0}\"\n";
			showEnvVarsInLog = 0;
		};
/* End PBXShellScriptBuildPhase section */

/* Begin PBXSourcesBuildPhase section */
		AE5882E11A6F47E10070536A /* Sources */ = {
			isa = PBXSourcesBuildPhase;
			buildActionMask = 2147483647;
			files = (
				AE5882EE1A6F47E10070536A /* AppDelegate.m in Sources */,
				AE5882EB1A6F47E10070536A /* main.m in Sources */,
			);
			runOnlyForDeploymentPostprocessing = 0;
		};
/* End PBXSourcesBuildPhase section */

/* Begin PBXVariantGroup section */
		427B551429F9071C00F6DC42 /* InfoPlist.strings */ = {
			isa = PBXVariantGroup;
			children = (
				427B551A29F9076000F6DC42 /* en */,
				BCC86D942D5D8CBE00FCE12B /* zh-Hant */,
				BCC86D952D5D8CE800FCE12B /* zh-Hans */,
				BCC86D962D5D8D2100FCE12B /* ja */,
				BCC86D972D5D8D4500FCE12B /* ko */,
				BCC86D982D5D8D6D00FCE12B /* hi */,
				BCC86D992D5D8D9100FCE12B /* vi */,
				BCC86D9A2D5D8DC200FCE12B /* th */,
			);
			name = InfoPlist.strings;
			sourceTree = "<group>";
		};
		87F9399923F2A53300760C24 /* Info.plist */ = {
			isa = PBXVariantGroup;
			children = (
				4290D5072BF9BF5900EB3808 /* en */,
			);
			name = Info.plist;
			sourceTree = "<group>";
		};
/* End PBXVariantGroup section */

/* Begin XCBuildConfiguration section */
		AE5883061A6F47E10070536A /* Debug */ = {
			isa = XCBuildConfiguration;
			buildSettings = {
				ALWAYS_SEARCH_USER_PATHS = NO;
				CLANG_ANALYZER_LOCALIZABILITY_NONLOCALIZED = YES;
				CLANG_CXX_LANGUAGE_STANDARD = "compiler-default";
				CLANG_CXX_LIBRARY = "compiler-default";
				CLANG_ENABLE_MODULES = YES;
				CLANG_ENABLE_OBJC_ARC = YES;
				CLANG_WARN_BLOCK_CAPTURE_AUTORELEASING = YES;
				CLANG_WARN_BOOL_CONVERSION = YES;
				CLANG_WARN_COMMA = YES;
				CLANG_WARN_CONSTANT_CONVERSION = YES;
				CLANG_WARN_DIRECT_OBJC_ISA_USAGE = YES_ERROR;
				CLANG_WARN_EMPTY_BODY = YES;
				CLANG_WARN_ENUM_CONVERSION = YES;
				CLANG_WARN_INFINITE_RECURSION = YES;
				CLANG_WARN_INT_CONVERSION = YES;
				CLANG_WARN_NON_LITERAL_NULL_CONVERSION = YES;
				CLANG_WARN_OBJC_LITERAL_CONVERSION = YES;
				CLANG_WARN_OBJC_ROOT_CLASS = YES_ERROR;
				CLANG_WARN_RANGE_LOOP_ANALYSIS = YES;
				CLANG_WARN_STRICT_PROTOTYPES = YES;
				CLANG_WARN_SUSPICIOUS_MOVE = YES;
				CLANG_WARN_UNREACHABLE_CODE = YES;
				CLANG_WARN__DUPLICATE_METHOD_MATCH = YES;
				"CODE_SIGN_IDENTITY[sdk=iphoneos*]" = "iPhone Developer";
				COPY_PHASE_STRIP = NO;
				ENABLE_STRICT_OBJC_MSGSEND = YES;
				ENABLE_TESTABILITY = YES;
				FRAMEWORK_SEARCH_PATHS = "";
				GCC_C_LANGUAGE_STANDARD = gnu99;
				GCC_DYNAMIC_NO_PIC = NO;
				GCC_NO_COMMON_BLOCKS = YES;
				GCC_OPTIMIZATION_LEVEL = 0;
				GCC_PREPROCESSOR_DEFINITIONS = (
					"DEBUG=1",
					"$(inherited)",
				);
				GCC_SYMBOLS_PRIVATE_EXTERN = NO;
				GCC_WARN_64_TO_32_BIT_CONVERSION = YES;
				GCC_WARN_ABOUT_RETURN_TYPE = YES_ERROR;
				GCC_WARN_UNDECLARED_SELECTOR = YES;
				GCC_WARN_UNINITIALIZED_AUTOS = YES_AGGRESSIVE;
				GCC_WARN_UNUSED_FUNCTION = YES;
				GCC_WARN_UNUSED_VARIABLE = YES;
				HEADER_SEARCH_PATHS = (
					"$(inherited)",
					/Applications/Xcode.app/Contents/Developer/Toolchains/XcodeDefault.xctoolchain/usr/include,
				);
				IPHONEOS_DEPLOYMENT_TARGET = 13.0;
				MTL_ENABLE_DEBUG_INFO = YES;
				ONLY_ACTIVE_ARCH = YES;
				OTHER_CFLAGS = "";
				OTHER_LDFLAGS = "";
				PROVISIONING_PROFILE = "32a53238-b6da-412b-b796-062d8cc51086";
				SDKROOT = iphoneos;
				USER_HEADER_SEARCH_PATHS = "$(SRCROOT)/../NIMLib/NIMLib/**";
			};
			name = Debug;
		};
		AE5883071A6F47E10070536A /* Release */ = {
			isa = XCBuildConfiguration;
			buildSettings = {
				ALWAYS_SEARCH_USER_PATHS = NO;
				CLANG_ANALYZER_LOCALIZABILITY_NONLOCALIZED = YES;
				CLANG_CXX_LANGUAGE_STANDARD = "compiler-default";
				CLANG_CXX_LIBRARY = "compiler-default";
				CLANG_ENABLE_MODULES = YES;
				CLANG_ENABLE_OBJC_ARC = YES;
				CLANG_WARN_BLOCK_CAPTURE_AUTORELEASING = YES;
				CLANG_WARN_BOOL_CONVERSION = YES;
				CLANG_WARN_COMMA = YES;
				CLANG_WARN_CONSTANT_CONVERSION = YES;
				CLANG_WARN_DIRECT_OBJC_ISA_USAGE = YES_ERROR;
				CLANG_WARN_EMPTY_BODY = YES;
				CLANG_WARN_ENUM_CONVERSION = YES;
				CLANG_WARN_INFINITE_RECURSION = YES;
				CLANG_WARN_INT_CONVERSION = YES;
				CLANG_WARN_NON_LITERAL_NULL_CONVERSION = YES;
				CLANG_WARN_OBJC_LITERAL_CONVERSION = YES;
				CLANG_WARN_OBJC_ROOT_CLASS = YES_ERROR;
				CLANG_WARN_RANGE_LOOP_ANALYSIS = YES;
				CLANG_WARN_STRICT_PROTOTYPES = YES;
				CLANG_WARN_SUSPICIOUS_MOVE = YES;
				CLANG_WARN_UNREACHABLE_CODE = YES;
				CLANG_WARN__DUPLICATE_METHOD_MATCH = YES;
				CODE_SIGN_IDENTITY = "iPhone Distribution: Cooperation Communication Operating and Support Center China Telecom";
				"CODE_SIGN_IDENTITY[sdk=*]" = "iPhone Distribution: Cooperation Communication Operating and Support Center China Telecom";
				COPY_PHASE_STRIP = NO;
				ENABLE_NS_ASSERTIONS = NO;
				ENABLE_STRICT_OBJC_MSGSEND = YES;
				FRAMEWORK_SEARCH_PATHS = "";
				GCC_C_LANGUAGE_STANDARD = gnu99;
				GCC_NO_COMMON_BLOCKS = YES;
				GCC_WARN_64_TO_32_BIT_CONVERSION = YES;
				GCC_WARN_ABOUT_RETURN_TYPE = YES_ERROR;
				GCC_WARN_UNDECLARED_SELECTOR = YES;
				GCC_WARN_UNINITIALIZED_AUTOS = YES_AGGRESSIVE;
				GCC_WARN_UNUSED_FUNCTION = YES;
				GCC_WARN_UNUSED_VARIABLE = YES;
				HEADER_SEARCH_PATHS = (
					"$(inherited)",
					/Applications/Xcode.app/Contents/Developer/Toolchains/XcodeDefault.xctoolchain/usr/include,
				);
				IPHONEOS_DEPLOYMENT_TARGET = 13.0;
				MTL_ENABLE_DEBUG_INFO = NO;
				OTHER_CFLAGS = "-DNS_BLOCK_ASSERTIONS=1";
				OTHER_LDFLAGS = "";
				PROVISIONING_PROFILE = "1a895aab-42c9-4e6f-89ed-a5e1a4685d5a";
				SDKROOT = iphoneos;
				USER_HEADER_SEARCH_PATHS = "$(SRCROOT)/../NIMLib/NIMLib/**";
				VALIDATE_PRODUCT = YES;
			};
			name = Release;
		};
		AE5883091A6F47E10070536A /* Debug */ = {
			isa = XCBuildConfiguration;
			baseConfigurationReference = DCC3190C6272C38C647C8E1C /* Pods-Riverla.debug.xcconfig */;
			buildSettings = {
				ASSETCATALOG_COMPILER_APPICON_NAME = AppIcon;
				ASSETCATALOG_COMPILER_INCLUDE_ALL_APPICON_ASSETS = YES;
				ASSETCATALOG_COMPILER_LAUNCHIMAGE_NAME = LaunchImage;
				CLANG_CXX_LANGUAGE_STANDARD = "gnu++17";
				CLANG_CXX_LIBRARY = "compiler-default";
				CODE_SIGN_ENTITLEMENTS = Business/Riverla.entitlements;
				CODE_SIGN_IDENTITY = "Apple Development";
				"CODE_SIGN_IDENTITY[sdk=iphoneos*]" = "iPhone Developer";
				CODE_SIGN_STYLE = Manual;
				CURRENT_PROJECT_VERSION = 1;
				DEVELOPMENT_TEAM = "";
				"DEVELOPMENT_TEAM[sdk=iphoneos*]" = 6VFR63B9QM;
				ENABLE_BITCODE = NO;
				"EXCLUDED_ARCHS[sdk=iphonesimulator*]" = arm64;
				FRAMEWORK_SEARCH_PATHS = (
					"$(inherited)",
					"$(PROJECT_DIR)/Business/Classes/Librarys/NEBeauty/Resource/FUBeauty",
				);
				GCC_PREFIX_HEADER = "";
				HEADER_SEARCH_PATHS = (
					"$(inherited)",
					/Applications/Xcode.app/Contents/Developer/Toolchains/XcodeDefault.xctoolchain/usr/include,
					"$(SRCROOT)/../NIMKit/NIMKit/**",
				);
				INFOPLIST_FILE = "Business/Supporting Files/en.lproj/Info.plist";
				INFOPLIST_KEY_CFBundleDisplayName = Niyeox;
				IPHONEOS_DEPLOYMENT_TARGET = 13.0;
				LD_RUNPATH_SEARCH_PATHS = "$(inherited) @executable_path/Frameworks";
				LIBRARY_SEARCH_PATHS = "$(inherited)";
				MARKETING_VERSION = 1.0.0;
				OTHER_LDFLAGS = (
					"$(inherited)",
					"-ObjC",
				);
				PRODUCT_BUNDLE_IDENTIFIER = ios.sweete.happy;
				PRODUCT_NAME = Riverla;
				PROVISIONING_PROFILE = "";
				PROVISIONING_PROFILE_SPECIFIER = "";
				"PROVISIONING_PROFILE_SPECIFIER[sdk=iphoneos*]" = sweete_dev_20250507;
				SUPPORTED_PLATFORMS = "iphoneos iphonesimulator";
				SUPPORTS_MACCATALYST = NO;
				SUPPORTS_MAC_DESIGNED_FOR_IPHONE_IPAD = NO;
				SUPPORTS_XR_DESIGNED_FOR_IPHONE_IPAD = NO;
				TARGETED_DEVICE_FAMILY = 1;
				USER_HEADER_SEARCH_PATHS = "";
			};
			name = Debug;
		};
		AE58830A1A6F47E10070536A /* Release */ = {
			isa = XCBuildConfiguration;
			baseConfigurationReference = 1A3A9C51DE7BF4CA55D91615 /* Pods-Riverla.release.xcconfig */;
			buildSettings = {
				ASSETCATALOG_COMPILER_APPICON_NAME = AppIcon;
				ASSETCATALOG_COMPILER_INCLUDE_ALL_APPICON_ASSETS = YES;
				ASSETCATALOG_COMPILER_LAUNCHIMAGE_NAME = LaunchImage;
				CLANG_CXX_LANGUAGE_STANDARD = "gnu++17";
				CLANG_CXX_LIBRARY = "compiler-default";
				CODE_SIGN_ENTITLEMENTS = Business/Riverla.entitlements;
				CODE_SIGN_IDENTITY = "Apple Development";
				"CODE_SIGN_IDENTITY[sdk=iphoneos*]" = "iPhone Developer";
				CODE_SIGN_STYLE = Manual;
				CURRENT_PROJECT_VERSION = 1;
				DEVELOPMENT_TEAM = "";
				"DEVELOPMENT_TEAM[sdk=iphoneos*]" = 6VFR63B9QM;
				ENABLE_BITCODE = NO;
				FRAMEWORK_SEARCH_PATHS = (
					"$(inherited)",
					"$(PROJECT_DIR)/Business/Classes/Librarys/NEBeauty/Resource/FUBeauty",
				);
				GCC_PREFIX_HEADER = "";
				GCC_PREPROCESSOR_DEFINITIONS = (
					"$(inherited)",
					"COCOAPODS=1",
					NDEBUG,
				);
				HEADER_SEARCH_PATHS = (
					"$(inherited)",
					/Applications/Xcode.app/Contents/Developer/Toolchains/XcodeDefault.xctoolchain/usr/include,
					"$(SRCROOT)/../NIMKit/NIMKit/**",
				);
				INFOPLIST_FILE = "Business/Supporting Files/en.lproj/Info.plist";
				INFOPLIST_KEY_CFBundleDisplayName = Niyeox;
				IPHONEOS_DEPLOYMENT_TARGET = 13.0;
				LD_RUNPATH_SEARCH_PATHS = "$(inherited) @executable_path/Frameworks";
				LIBRARY_SEARCH_PATHS = "$(inherited)";
				MARKETING_VERSION = 1.0.0;
				OTHER_LDFLAGS = (
					"$(inherited)",
					"-ObjC",
				);
				PRODUCT_BUNDLE_IDENTIFIER = ios.sweete.happy;
				PRODUCT_NAME = Riverla;
				PROVISIONING_PROFILE = "";
				PROVISIONING_PROFILE_SPECIFIER = "";
				"PROVISIONING_PROFILE_SPECIFIER[sdk=iphoneos*]" = sweete_dev_20250507;
				SUPPORTED_PLATFORMS = "iphoneos iphonesimulator";
				SUPPORTS_MACCATALYST = NO;
				SUPPORTS_MAC_DESIGNED_FOR_IPHONE_IPAD = NO;
				SUPPORTS_XR_DESIGNED_FOR_IPHONE_IPAD = NO;
				TARGETED_DEVICE_FAMILY = 1;
				USER_HEADER_SEARCH_PATHS = "";
				XCCONFIG_BUNDLE_NAME = "魅莎";
			};
			name = Release;
		};
/* End XCBuildConfiguration section */

/* Begin XCConfigurationList section */
		AE5882E01A6F47E10070536A /* Build configuration list for PBXProject "Riverla" */ = {
			isa = XCConfigurationList;
			buildConfigurations = (
				AE5883061A6F47E10070536A /* Debug */,
				AE5883071A6F47E10070536A /* Release */,
			);
			defaultConfigurationIsVisible = 0;
			defaultConfigurationName = Release;
		};
		AE5883081A6F47E10070536A /* Build configuration list for PBXNativeTarget "Riverla" */ = {
			isa = XCConfigurationList;
			buildConfigurations = (
				AE5883091A6F47E10070536A /* Debug */,
				AE58830A1A6F47E10070536A /* Release */,
			);
			defaultConfigurationIsVisible = 0;
			defaultConfigurationName = Release;
		};
/* End XCConfigurationList section */
	};
	rootObject = AE5882DD1A6F47E10070536A /* Project object */;
}
